
Microsoft Visual Studio Solution File, Format Version 12.00
# Visual Studio Version 16
VisualStudioVersion = 16.0.30413.136
MinimumVisualStudioVersion = 10.0.40219.1
Project("{2150E333-8FDC-42A3-9474-1A3956D46DE8}") = "Domain", "Domain", "{DDCAB574-FB25-4700-A223-D9E092E55099}"
EndProject
Project("{2150E333-8FDC-42A3-9474-1A3956D46DE8}") = "Service", "Service", "{3038C63B-C7CF-499E-89EC-CD7CAD075D17}"
EndProject
Project("{2150E333-8FDC-42A3-9474-1A3956D46DE8}") = "Infra", "Infra", "{82F07631-1F0D-4211-91F6-25C8FA8E1905}"
EndProject
Project("{9A19103F-16F7-4668-BE54-9A1E7A4F7556}") = "Imdb.Domain", "Imdb.Domain\Imdb.Domain.csproj", "{13D0067A-DB8A-4143-9116-374318922E79}"
EndProject
Project("{9A19103F-16F7-4668-BE54-9A1E7A4F7556}") = "Imdb.Service", "Imdb.Service\Imdb.Service.csproj", "{5E70F9E0-9635-4826-9D46-4A30AE89F6D6}"
EndProject
Project("{2150E333-8FDC-42A3-9474-1A3956D46DE8}") = "Api", "Api", "{F149D795-3DF3-492F-BB4A-88569FDEA8F3}"
EndProject
Project("{9A19103F-16F7-4668-BE54-9A1E7A4F7556}") = "Imdb.Api", "Imdb.Api\Imdb.Api.csproj", "{0C91A8DF-D4E5-4744-95AC-5E1B4BADD076}"
EndProject
Project("{2150E333-8FDC-42A3-9474-1A3956D46DE8}") = "Data", "Data", "{FA53F5FF-E888-42F9-B3D4-06F4EA0206AB}"
EndProject
Project("{2150E333-8FDC-42A3-9474-1A3956D46DE8}") = "CrossCutting", "CrossCutting", "{002F40EC-22D6-49C5-8956-B5BE3291627B}"
EndProject
Project("{2150E333-8FDC-42A3-9474-1A3956D46DE8}") = "Shared", "Shared", "{51A1CAD7-80F8-4E6E-9E5A-9C3ADC7D552D}"
EndProject
Project("{FAE04EC0-301F-11D3-BF4B-00C04F79EFBC}") = "Imdb.Infra.Shared", "Imdb.Infra.Shared\Imdb.Infra.Shared.csproj", "{AD61CB19-D737-4822-A5E0-B725F0E550F1}"
EndProject
Project("{FAE04EC0-301F-11D3-BF4B-00C04F79EFBC}") = "Imdb.Infra.Data", "Imdb.Infra.Data\Imdb.Infra.Data.csproj", "{488F01B9-DFD6-4E75-AF19-C8D0CECCB1B3}"
EndProject
Global
	GlobalSection(SolutionConfigurationPlatforms) = preSolution
		Debug|Any CPU = Debug|Any CPU
		Release|Any CPU = Release|Any CPU
	EndGlobalSection
	GlobalSection(ProjectConfigurationPlatforms) = postSolution
		{13D0067A-DB8A-4143-9116-374318922E79}.Debug|Any CPU.ActiveCfg = Debug|Any CPU
		{13D0067A-DB8A-4143-9116-374318922E79}.Debug|Any CPU.Build.0 = Debug|Any CPU
		{13D0067A-DB8A-4143-9116-374318922E79}.Release|Any CPU.ActiveCfg = Release|Any CPU
		{13D0067A-DB8A-4143-9116-374318922E79}.Release|Any CPU.Build.0 = Release|Any CPU
		{5E70F9E0-9635-4826-9D46-4A30AE89F6D6}.Debug|Any CPU.ActiveCfg = Debug|Any CPU
		{5E70F9E0-9635-4826-9D46-4A30AE89F6D6}.Debug|Any CPU.Build.0 = Debug|Any CPU
		{5E70F9E0-9635-4826-9D46-4A30AE89F6D6}.Release|Any CPU.ActiveCfg = Release|Any CPU
		{5E70F9E0-9635-4826-9D46-4A30AE89F6D6}.Release|Any CPU.Build.0 = Release|Any CPU
		{0C91A8DF-D4E5-4744-95AC-5E1B4BADD076}.Debug|Any CPU.ActiveCfg = Debug|Any CPU
		{0C91A8DF-D4E5-4744-95AC-5E1B4BADD076}.Debug|Any CPU.Build.0 = Debug|Any CPU
		{0C91A8DF-D4E5-4744-95AC-5E1B4BADD076}.Release|Any CPU.ActiveCfg = Release|Any CPU
		{0C91A8DF-D4E5-4744-95AC-5E1B4BADD076}.Release|Any CPU.Build.0 = Release|Any CPU
		{AD61CB19-D737-4822-A5E0-B725F0E550F1}.Debug|Any CPU.ActiveCfg = Debug|Any CPU
		{AD61CB19-D737-4822-A5E0-B725F0E550F1}.Debug|Any CPU.Build.0 = Debug|Any CPU
		{AD61CB19-D737-4822-A5E0-B725F0E550F1}.Release|Any CPU.ActiveCfg = Release|Any CPU
		{AD61CB19-D737-4822-A5E0-B725F0E550F1}.Release|Any CPU.Build.0 = Release|Any CPU
		{488F01B9-DFD6-4E75-AF19-C8D0CECCB1B3}.Debug|Any CPU.ActiveCfg = Debug|Any CPU
		{488F01B9-DFD6-4E75-AF19-C8D0CECCB1B3}.Debug|Any CPU.Build.0 = Debug|Any CPU
		{488F01B9-DFD6-4E75-AF19-C8D0CECCB1B3}.Release|Any CPU.ActiveCfg = Release|Any CPU
		{488F01B9-DFD6-4E75-AF19-C8D0CECCB1B3}.Release|Any CPU.Build.0 = Release|Any CPU
	EndGlobalSection
	GlobalSection(SolutionProperties) = preSolution
		HideSolutionNode = FALSE
	EndGlobalSection
	GlobalSection(NestedProjects) = preSolution
		{13D0067A-DB8A-4143-9116-374318922E79} = {DDCAB574-FB25-4700-A223-D9E092E55099}
		{5E70F9E0-9635-4826-9D46-4A30AE89F6D6} = {3038C63B-C7CF-499E-89EC-CD7CAD075D17}
		{0C91A8DF-D4E5-4744-95AC-5E1B4BADD076} = {F149D795-3DF3-492F-BB4A-88569FDEA8F3}
		{FA53F5FF-E888-42F9-B3D4-06F4EA0206AB} = {82F07631-1F0D-4211-91F6-25C8FA8E1905}
		{002F40EC-22D6-49C5-8956-B5BE3291627B} = {82F07631-1F0D-4211-91F6-25C8FA8E1905}
		{51A1CAD7-80F8-4E6E-9E5A-9C3ADC7D552D} = {82F07631-1F0D-4211-91F6-25C8FA8E1905}
		{AD61CB19-D737-4822-A5E0-B725F0E550F1} = {51A1CAD7-80F8-4E6E-9E5A-9C3ADC7D552D}
		{488F01B9-DFD6-4E75-AF19-C8D0CECCB1B3} = {FA53F5FF-E888-42F9-B3D4-06F4EA0206AB}
	EndGlobalSection
	GlobalSection(ExtensibilityGlobals) = postSolution
		SolutionGuid = {FE63FDA9-30C5-458F-ADE9-69F6FCF8CB0E}
	EndGlobalSection
EndGlobal
